<?xml version="1.0" encoding="utf-8"?>
<Project ToolsVersion="4.0" xmlns="http://schemas.microsoft.com/developer/msbuild/2003">
  <ItemGroup>
    <Filter Include="Source Files">
      <UniqueIdentifier>{4FC737F1-C7A5-4376-A066-2A32D752A2FF}</UniqueIdentifier>
      <Extensions>cpp;c;cc;cxx;def;odl;idl;hpj;bat;asm;asmx</Extensions>
    </Filter>
    <Filter Include="Header Files">
      <UniqueIdentifier>{93995380-89BD-4b04-88EB-625FBE52EBFB}</UniqueIdentifier>
      <Extensions>h;hh;hpp;hxx;hm;inl;inc;xsd</Extensions>
    </Filter>
    <Filter Include="Resource Files">
      <UniqueIdentifier>{67DA6AB6-F800-4c08-8B7A-83BB121AAD01}</UniqueIdentifier>
      <Extensions>rc;ico;cur;bmp;dlg;rc2;rct;bin;rgs;gif;jpg;jpeg;jpe;resx;tiff;tif;png;wav;mfcribbon-ms</Extensions>
    </Filter>
  </ItemGroup>
  <ItemGroup>
    <ClCompile Include="..\..\libSBRenc\src\bit_sbr.cpp">
      <Filter>Source Files</Filter>
    </ClCompile>
    <ClCompile Include="..\..\libSBRenc\src\code_env.cpp">
      <Filter>Source Files</Filter>
    </ClCompile>
    <ClCompile Include="..\..\libSBRenc\src\env_bit.cpp">
      <Filter>Source Files</Filter>
    </ClCompile>
    <ClCompile Include="..\..\libSBRenc\src\env_est.cpp">
      <Filter>Source Files</Filter>
    </ClCompile>
    <ClCompile Include="..\..\libSBRenc\src\fram_gen.cpp">
      <Filter>Source Files</Filter>
    </ClCompile>
    <ClCompile Include="..\..\libSBRenc\src\invf_est.cpp">
      <Filter>Source Files</Filter>
    </ClCompile>
    <ClCompile Include="..\..\libSBRenc\src\mh_det.cpp">
      <Filter>Source Files</Filter>
    </ClCompile>
    <ClCompile Include="..\..\libSBRenc\src\nf_est.cpp">
      <Filter>Source Files</Filter>
    </ClCompile>
    <ClCompile Include="..\..\libSBRenc\src\ps_bitenc.cpp">
      <Filter>Source Files</Filter>
    </ClCompile>
    <ClCompile Include="..\..\libSBRenc\src\ps_encode.cpp">
      <Filter>Source Files</Filter>
    </ClCompile>
    <ClCompile Include="..\..\libSBRenc\src\ps_main.cpp">
      <Filter>Source Files</Filter>
    </ClCompile>
    <ClCompile Include="..\..\libSBRenc\src\resampler.cpp">
      <Filter>Source Files</Filter>
    </ClCompile>
    <ClCompile Include="..\..\libSBRenc\src\sbr_encoder.cpp">
      <Filter>Source Files</Filter>
    </ClCompile>
    <ClCompile Include="..\..\libSBRenc\src\sbr_misc.cpp">
      <Filter>Source Files</Filter>
    </ClCompile>
    <ClCompile Include="..\..\libSBRenc\src\sbr_ram.cpp">
      <Filter>Source Files</Filter>
    </ClCompile>
    <ClCompile Include="..\..\libSBRenc\src\sbr_rom.cpp">
      <Filter>Source Files</Filter>
    </ClCompile>
    <ClCompile Include="..\..\libSBRenc\src\sbrenc_freq_sca.cpp">
      <Filter>Source Files</Filter>
    </ClCompile>
    <ClCompile Include="..\..\libSBRenc\src\ton_corr.cpp">
      <Filter>Source Files</Filter>
    </ClCompile>
    <ClCompile Include="..\..\libSBRenc\src\tran_det.cpp">
      <Filter>Source Files</Filter>
    </ClCompile>
  </ItemGroup>
  <ItemGroup>
    <ClInclude Include="..\..\libSBRenc\src\bit_sbr.h">
      <Filter>Source Files</Filter>
    </ClInclude>
    <ClInclude Include="..\..\libSBRenc\src\cmondata.h">
      <Filter>Source Files</Filter>
    </ClInclude>
    <ClInclude Include="..\..\libSBRenc\src\code_env.h">
      <Filter>Source Files</Filter>
    </ClInclude>
    <ClInclude Include="..\..\libSBRenc\src\env_bit.h">
      <Filter>Source Files</Filter>
    </ClInclude>
    <ClInclude Include="..\..\libSBRenc\src\env_est.h">
      <Filter>Source Files</Filter>
    </ClInclude>
    <ClInclude Include="..\..\libSBRenc\src\fram_gen.h">
      <Filter>Source Files</Filter>
    </ClInclude>
    <ClInclude Include="..\..\libSBRenc\src\invf_est.h">
      <Filter>Source Files</Filter>
    </ClInclude>
    <ClInclude Include="..\..\libSBRenc\src\mh_det.h">
      <Filter>Source Files</Filter>
    </ClInclude>
    <ClInclude Include="..\..\libSBRenc\src\nf_est.h">
      <Filter>Source Files</Filter>
    </ClInclude>
    <ClInclude Include="..\..\libSBRenc\src\ps_bitenc.h">
      <Filter>Source Files</Filter>
    </ClInclude>
    <ClInclude Include="..\..\libSBRenc\src\ps_const.h">
      <Filter>Source Files</Filter>
    </ClInclude>
    <ClInclude Include="..\..\libSBRenc\src\ps_encode.h">
      <Filter>Source Files</Filter>
    </ClInclude>
    <ClInclude Include="..\..\libSBRenc\src\ps_main.h">
      <Filter>Source Files</Filter>
    </ClInclude>
    <ClInclude Include="..\..\libSBRenc\src\resampler.h">
      <Filter>Source Files</Filter>
    </ClInclude>
    <ClInclude Include="..\..\libSBRenc\src\sbr.h">
      <Filter>Source Files</Filter>
    </ClInclude>
    <ClInclude Include="..\..\libSBRenc\src\sbr_def.h">
      <Filter>Source Files</Filter>
    </ClInclude>
    <ClInclude Include="..\..\libSBRenc\src\sbr_misc.h">
      <Filter>Source Files</Filter>
    </ClInclude>
    <ClInclude Include="..\..\libSBRenc\src\sbr_ram.h">
      <Filter>Source Files</Filter>
    </ClInclude>
    <ClInclude Include="..\..\libSBRenc\src\sbr_rom.h">
      <Filter>Source Files</Filter>
    </ClInclude>
    <ClInclude Include="..\..\libSBRenc\src\sbrenc_freq_sca.h">
      <Filter>Source Files</Filter>
    </ClInclude>
    <ClInclude Include="..\..\libSBRenc\src\ton_corr.h">
      <Filter>Source Files</Filter>
    </ClInclude>
    <ClInclude Include="..\..\libSBRenc\src\tran_det.h">
      <Filter>Source Files</Filter>
    </ClInclude>
    <ClInclude Include="..\..\libSBRenc\include\sbr_encoder.h">
      <Filter>Header Files</Filter>
    </ClInclude>
  </ItemGroup>
</Project>