<?xml version="1.0" encoding="utf-8"?>
<Project ToolsVersion="4.0" xmlns="http://schemas.microsoft.com/developer/msbuild/2003">
  <ItemGroup>
    <Filter Include="Source Files">
      <UniqueIdentifier>{4FC737F1-C7A5-4376-A066-2A32D752A2FF}</UniqueIdentifier>
      <Extensions>cpp;c;cc;cxx;def;odl;idl;hpj;bat;asm;asmx</Extensions>
    </Filter>
    <Filter Include="Header Files">
      <UniqueIdentifier>{93995380-89BD-4b04-88EB-625FBE52EBFB}</UniqueIdentifier>
      <Extensions>h;hh;hpp;hxx;hm;inl;inc;xsd</Extensions>
    </Filter>
    <Filter Include="Resource Files">
      <UniqueIdentifier>{67DA6AB6-F800-4c08-8B7A-83BB121AAD01}</UniqueIdentifier>
      <Extensions>rc;ico;cur;bmp;dlg;rc2;rct;bin;rgs;gif;jpg;jpeg;jpe;resx;tiff;tif;png;wav;mfcribbon-ms</Extensions>
    </Filter>
  </ItemGroup>
  <ItemGroup>
    <ClCompile Include="..\..\libAACenc\src\aacenc.cpp">
      <Filter>Source Files</Filter>
    </ClCompile>
    <ClCompile Include="..\..\libAACenc\src\aacenc_hcr.cpp">
      <Filter>Source Files</Filter>
    </ClCompile>
    <ClCompile Include="..\..\libAACenc\src\aacenc_lib.cpp">
      <Filter>Source Files</Filter>
    </ClCompile>
    <ClCompile Include="..\..\libAACenc\src\aacenc_pns.cpp">
      <Filter>Source Files</Filter>
    </ClCompile>
    <ClCompile Include="..\..\libAACenc\src\aacEnc_ram.cpp">
      <Filter>Source Files</Filter>
    </ClCompile>
    <ClCompile Include="..\..\libAACenc\src\aacEnc_rom.cpp">
      <Filter>Source Files</Filter>
    </ClCompile>
    <ClCompile Include="..\..\libAACenc\src\aacenc_tns.cpp">
      <Filter>Source Files</Filter>
    </ClCompile>
    <ClCompile Include="..\..\libAACenc\src\adj_thr.cpp">
      <Filter>Source Files</Filter>
    </ClCompile>
    <ClCompile Include="..\..\libAACenc\src\band_nrg.cpp">
      <Filter>Source Files</Filter>
    </ClCompile>
    <ClCompile Include="..\..\libAACenc\src\bandwidth.cpp">
      <Filter>Source Files</Filter>
    </ClCompile>
    <ClCompile Include="..\..\libAACenc\src\bit_cnt.cpp">
      <Filter>Source Files</Filter>
    </ClCompile>
    <ClCompile Include="..\..\libAACenc\src\bitenc.cpp">
      <Filter>Source Files</Filter>
    </ClCompile>
    <ClCompile Include="..\..\libAACenc\src\block_switch.cpp">
      <Filter>Source Files</Filter>
    </ClCompile>
    <ClCompile Include="..\..\libAACenc\src\channel_map.cpp">
      <Filter>Source Files</Filter>
    </ClCompile>
    <ClCompile Include="..\..\libAACenc\src\chaosmeasure.cpp">
      <Filter>Source Files</Filter>
    </ClCompile>
    <ClCompile Include="..\..\libAACenc\src\dyn_bits.cpp">
      <Filter>Source Files</Filter>
    </ClCompile>
    <ClCompile Include="..\..\libAACenc\src\grp_data.cpp">
      <Filter>Source Files</Filter>
    </ClCompile>
    <ClCompile Include="..\..\libAACenc\src\intensity.cpp">
      <Filter>Source Files</Filter>
    </ClCompile>
    <ClCompile Include="..\..\libAACenc\src\line_pe.cpp">
      <Filter>Source Files</Filter>
    </ClCompile>
    <ClCompile Include="..\..\libAACenc\src\metadata_compressor.cpp">
      <Filter>Source Files</Filter>
    </ClCompile>
    <ClCompile Include="..\..\libAACenc\src\metadata_main.cpp">
      <Filter>Source Files</Filter>
    </ClCompile>
    <ClCompile Include="..\..\libAACenc\src\ms_stereo.cpp">
      <Filter>Source Files</Filter>
    </ClCompile>
    <ClCompile Include="..\..\libAACenc\src\noisedet.cpp">
      <Filter>Source Files</Filter>
    </ClCompile>
    <ClCompile Include="..\..\libAACenc\src\pnsparam.cpp">
      <Filter>Source Files</Filter>
    </ClCompile>
    <ClCompile Include="..\..\libAACenc\src\pre_echo_control.cpp">
      <Filter>Source Files</Filter>
    </ClCompile>
    <ClCompile Include="..\..\libAACenc\src\psy_configuration.cpp">
      <Filter>Source Files</Filter>
    </ClCompile>
    <ClCompile Include="..\..\libAACenc\src\psy_main.cpp">
      <Filter>Source Files</Filter>
    </ClCompile>
    <ClCompile Include="..\..\libAACenc\src\qc_main.cpp">
      <Filter>Source Files</Filter>
    </ClCompile>
    <ClCompile Include="..\..\libAACenc\src\quantize.cpp">
      <Filter>Source Files</Filter>
    </ClCompile>
    <ClCompile Include="..\..\libAACenc\src\sf_estim.cpp">
      <Filter>Source Files</Filter>
    </ClCompile>
    <ClCompile Include="..\..\libAACenc\src\spreading.cpp">
      <Filter>Source Files</Filter>
    </ClCompile>
    <ClCompile Include="..\..\libAACenc\src\tonality.cpp">
      <Filter>Source Files</Filter>
    </ClCompile>
    <ClCompile Include="..\..\libAACenc\src\transform.cpp">
      <Filter>Source Files</Filter>
    </ClCompile>
  </ItemGroup>
  <ItemGroup>
    <ClInclude Include="..\..\libAACenc\src\aacenc.h">
      <Filter>Source Files</Filter>
    </ClInclude>
    <ClInclude Include="..\..\libAACenc\src\aacenc_hcr.h">
      <Filter>Source Files</Filter>
    </ClInclude>
    <ClInclude Include="..\..\libAACenc\src\aacenc_pns.h">
      <Filter>Source Files</Filter>
    </ClInclude>
    <ClInclude Include="..\..\libAACenc\src\aacEnc_ram.h">
      <Filter>Source Files</Filter>
    </ClInclude>
    <ClInclude Include="..\..\libAACenc\src\aacEnc_rom.h">
      <Filter>Source Files</Filter>
    </ClInclude>
    <ClInclude Include="..\..\libAACenc\src\aacenc_tns.h">
      <Filter>Source Files</Filter>
    </ClInclude>
    <ClInclude Include="..\..\libAACenc\src\adj_thr.h">
      <Filter>Source Files</Filter>
    </ClInclude>
    <ClInclude Include="..\..\libAACenc\src\adj_thr_data.h">
      <Filter>Source Files</Filter>
    </ClInclude>
    <ClInclude Include="..\..\libAACenc\src\band_nrg.h">
      <Filter>Source Files</Filter>
    </ClInclude>
    <ClInclude Include="..\..\libAACenc\src\bandwidth.h">
      <Filter>Source Files</Filter>
    </ClInclude>
    <ClInclude Include="..\..\libAACenc\src\bit_cnt.h">
      <Filter>Source Files</Filter>
    </ClInclude>
    <ClInclude Include="..\..\libAACenc\src\bitenc.h">
      <Filter>Source Files</Filter>
    </ClInclude>
    <ClInclude Include="..\..\libAACenc\src\block_switch.h">
      <Filter>Source Files</Filter>
    </ClInclude>
    <ClInclude Include="..\..\libAACenc\src\channel_map.h">
      <Filter>Source Files</Filter>
    </ClInclude>
    <ClInclude Include="..\..\libAACenc\src\chaosmeasure.h">
      <Filter>Source Files</Filter>
    </ClInclude>
    <ClInclude Include="..\..\libAACenc\src\dyn_bits.h">
      <Filter>Source Files</Filter>
    </ClInclude>
    <ClInclude Include="..\..\libAACenc\src\grp_data.h">
      <Filter>Source Files</Filter>
    </ClInclude>
    <ClInclude Include="..\..\libAACenc\src\intensity.h">
      <Filter>Source Files</Filter>
    </ClInclude>
    <ClInclude Include="..\..\libAACenc\src\interface.h">
      <Filter>Source Files</Filter>
    </ClInclude>
    <ClInclude Include="..\..\libAACenc\src\line_pe.h">
      <Filter>Source Files</Filter>
    </ClInclude>
    <ClInclude Include="..\..\libAACenc\src\metadata_compressor.h">
      <Filter>Source Files</Filter>
    </ClInclude>
    <ClInclude Include="..\..\libAACenc\src\metadata_main.h">
      <Filter>Source Files</Filter>
    </ClInclude>
    <ClInclude Include="..\..\libAACenc\src\ms_stereo.h">
      <Filter>Source Files</Filter>
    </ClInclude>
    <ClInclude Include="..\..\libAACenc\src\noisedet.h">
      <Filter>Source Files</Filter>
    </ClInclude>
    <ClInclude Include="..\..\libAACenc\src\pns_func.h">
      <Filter>Source Files</Filter>
    </ClInclude>
    <ClInclude Include="..\..\libAACenc\src\pnsparam.h">
      <Filter>Source Files</Filter>
    </ClInclude>
    <ClInclude Include="..\..\libAACenc\src\pre_echo_control.h">
      <Filter>Source Files</Filter>
    </ClInclude>
    <ClInclude Include="..\..\libAACenc\src\psy_configuration.h">
      <Filter>Source Files</Filter>
    </ClInclude>
    <ClInclude Include="..\..\libAACenc\src\psy_const.h">
      <Filter>Source Files</Filter>
    </ClInclude>
    <ClInclude Include="..\..\libAACenc\src\psy_data.h">
      <Filter>Source Files</Filter>
    </ClInclude>
    <ClInclude Include="..\..\libAACenc\src\psy_main.h">
      <Filter>Source Files</Filter>
    </ClInclude>
    <ClInclude Include="..\..\libAACenc\src\qc_data.h">
      <Filter>Source Files</Filter>
    </ClInclude>
    <ClInclude Include="..\..\libAACenc\src\qc_main.h">
      <Filter>Source Files</Filter>
    </ClInclude>
    <ClInclude Include="..\..\libAACenc\src\quantize.h">
      <Filter>Source Files</Filter>
    </ClInclude>
    <ClInclude Include="..\..\libAACenc\src\sf_estim.h">
      <Filter>Source Files</Filter>
    </ClInclude>
    <ClInclude Include="..\..\libAACenc\src\spreading.h">
      <Filter>Source Files</Filter>
    </ClInclude>
    <ClInclude Include="..\..\libAACenc\src\tns_func.h">
      <Filter>Source Files</Filter>
    </ClInclude>
    <ClInclude Include="..\..\libAACenc\src\tonality.h">
      <Filter>Source Files</Filter>
    </ClInclude>
    <ClInclude Include="..\..\libAACenc\src\transform.h">
      <Filter>Source Files</Filter>
    </ClInclude>
    <ClInclude Include="..\..\libAACenc\include\aacenc_lib.h">
      <Filter>Header Files</Filter>
    </ClInclude>
  </ItemGroup>
</Project>